
Microsoft Visual Studio Solution File, Format Version 12.00
# Visual Studio 15
VisualStudioVersion = 15.0.27004.2005
MinimumVisualStudioVersion = 10.0.40219.1
Project("{FAE04EC0-301F-11D3-BF4B-00C04F79EFBC}") = "laba11WebForm", "laba11WebForm\laba11WebForm.csproj", "{C757E19D-7377-4FA3-B07F-C214EF696855}"
EndProject
Global
	GlobalSection(SolutionConfigurationPlatforms) = preSolution
		Debug|Any CPU = Debug|Any CPU
		Release|Any CPU = Release|Any CPU
	EndGlobalSection
	GlobalSection(ProjectConfigurationPlatforms) = postSolution
		{C757E19D-7377-4FA3-B07F-C214EF696855}.Debug|Any CPU.ActiveCfg = Debug|Any CPU
		{C757E19D-7377-4FA3-B07F-C214EF696855}.Debug|Any CPU.Build.0 = Debug|Any CPU
		{C757E19D-7377-4FA3-B07F-C214EF696855}.Release|Any CPU.ActiveCfg = Release|Any CPU
		{C757E19D-7377-4FA3-B07F-C214EF696855}.Release|Any CPU.Build.0 = Release|Any CPU
	EndGlobalSection
	GlobalSection(SolutionProperties) = preSolution
		HideSolutionNode = FALSE
	EndGlobalSection
	GlobalSection(ExtensibilityGlobals) = postSolution
		SolutionGuid = {ECE7C8EC-E787-4C34-B04B-24B60179F868}
	EndGlobalSection
EndGlobal
